// !$*UTF8*$!
{
	archiveVersion = 1;
	classes = {
	};
	objectVersion = 50;
	objects = {

/* Begin PBXBuildFile section */
		950633C4ED3F1A3B2432A332 /* Pods_YogaTryout.framework in Frameworks */ = {isa = PBXBuildFile; fileRef = 5639532E743F405B75BAEF6F /* Pods_YogaTryout.framework */; };
		F7DA2DB321CF79F400355699 /* AppDelegate.swift in Sources */ = {isa = PBXBuildFile; fileRef = F7DA2DB221CF79F400355699 /* AppDelegate.swift */; };
		F7DA2DB521CF79F400355699 /* ViewController.swift in Sources */ = {isa = PBXBuildFile; fileRef = F7DA2DB421CF79F400355699 /* ViewController.swift */; };
		F7DA2DB821CF79F400355699 /* Main.storyboard in Resources */ = {isa = PBXBuildFile; fileRef = F7DA2DB621CF79F400355699 /* Main.storyboard */; };
		F7DA2DBA21CF79F500355699 /* Assets.xcassets in Resources */ = {isa = PBXBuildFile; fileRef = F7DA2DB921CF79F500355699 /* Assets.xcassets */; };
		F7DA2DBD21CF79F500355699 /* LaunchScreen.storyboard in Resources */ = {isa = PBXBuildFile; fileRef = F7DA2DBB21CF79F500355699 /* LaunchScreen.storyboard */; };
/* End PBXBuildFile section */

/* Begin PBXFileReference section */
		5639532E743F405B75BAEF6F /* Pods_YogaTryout.framework */ = {isa = PBXFileReference; explicitFileType = wrapper.framework; includeInIndex = 0; path = Pods_YogaTryout.framework; sourceTree = BUILT_PRODUCTS_DIR; };
		8766DA6A428F66B30EE55535 /* Pods-YogaTryout.debug.xcconfig */ = {isa = PBXFileReference; includeInIndex = 1; lastKnownFileType = text.xcconfig; name = "Pods-YogaTryout.debug.xcconfig"; path = "Target Support Files/Pods-YogaTryout/Pods-YogaTryout.debug.xcconfig"; sourceTree = "<group>"; };
		C3386E30FCBD9D7F426E3DBB /* Pods-YogaTryout.release.xcconfig */ = {isa = PBXFileReference; includeInIndex = 1; lastKnownFileType = text.xcconfig; name = "Pods-YogaTryout.release.xcconfig"; path = "Target Support Files/Pods-YogaTryout/Pods-YogaTryout.release.xcconfig"; sourceTree = "<group>"; };
		F7DA2DAF21CF79F400355699 /* YogaTryout.app */ = {isa = PBXFileReference; explicitFileType = wrapper.application; includeInIndex = 0; path = YogaTryout.app; sourceTree = BUILT_PRODUCTS_DIR; };
		F7DA2DB221CF79F400355699 /* AppDelegate.swift */ = {isa = PBXFileReference; lastKnownFileType = sourcecode.swift; path = AppDelegate.swift; sourceTree = "<group>"; };
		F7DA2DB421CF79F400355699 /* ViewController.swift */ = {isa = PBXFileReference; lastKnownFileType = sourcecode.swift; path = ViewController.swift; sourceTree = "<group>"; };
		F7DA2DB721CF79F400355699 /* Base */ = {isa = PBXFileReference; lastKnownFileType = file.storyboard; name = Base; path = Base.lproj/Main.storyboard; sourceTree = "<group>"; };
		F7DA2DB921CF79F500355699 /* Assets.xcassets */ = {isa = PBXFileReference; lastKnownFileType = folder.assetcatalog; path = Assets.xcassets; sourceTree = "<group>"; };
		F7DA2DBC21CF79F500355699 /* Base */ = {isa = PBXFileReference; lastKnownFileType = file.storyboard; name = Base; path = Base.lproj/LaunchScreen.storyboard; sourceTree = "<group>"; };
		F7DA2DBE21CF79F500355699 /* Info.plist */ = {isa = PBXFileReference; lastKnownFileType = text.plist.xml; path = Info.plist; sourceTree = "<group>"; };
/* End PBXFileReference section */

/* Begin PBXFrameworksBuildPhase section */
		F7DA2DAC21CF79F400355699 /* Frameworks */ = {
			isa = PBXFrameworksBuildPhase;
			buildActionMask = 2147483647;
			files = (
				950633C4ED3F1A3B2432A332 /* Pods_YogaTryout.framework in Frameworks */,
			);
			runOnlyForDeploymentPostprocessing = 0;
		};
/* End PBXFrameworksBuildPhase section */

/* Begin PBXGroup section */
		0BA6AB3E27F59450CE6734CB /* Pods */ = {
			isa = PBXGroup;
			children = (
				8766DA6A428F66B30EE55535 /* Pods-YogaTryout.debug.xcconfig */,
				C3386E30FCBD9D7F426E3DBB /* Pods-YogaTryout.release.xcconfig */,
			);
			path = Pods;
			sourceTree = "<group>";
		};
		1081D6B859E48EAF7090A0D3 /* Frameworks */ = {
			isa = PBXGroup;
			children = (
				5639532E743F405B75BAEF6F /* Pods_YogaTryout.framework */,
			);
			name = Frameworks;
			sourceTree = "<group>";
		};
		F7DA2DA621CF79F400355699 = {
			isa = PBXGroup;
			children = (
				F7DA2DB121CF79F400355699 /* YogaTryout */,
				F7DA2DB021CF79F400355699 /* Products */,
				0BA6AB3E27F59450CE6734CB /* Pods */,
				1081D6B859E48EAF7090A0D3 /* Frameworks */,
			);
			sourceTree = "<group>";
		};
		F7DA2DB021CF79F400355699 /* Products */ = {
			isa = PBXGroup;
			children = (
				F7DA2DAF21CF79F400355699 /* YogaTryout.app */,
			);
			name = Products;
			sourceTree = "<group>";
		};
		F7DA2DB121CF79F400355699 /* YogaTryout */ = {
			isa = PBXGroup;
			children = (
				F7DA2DB221CF79F400355699 /* AppDelegate.swift */,
				F7DA2DB421CF79F400355699 /* ViewController.swift */,
				F7DA2DB621CF79F400355699 /* Main.storyboard */,
				F7DA2DB921CF79F500355699 /* Assets.xcassets */,
				F7DA2DBB21CF79F500355699 /* LaunchScreen.storyboard */,
				F7DA2DBE21CF79F500355699 /* Info.plist */,
			);
			path = YogaTryout;
			sourceTree = "<group>";
		};
/* End PBXGroup section */

/* Begin PBXNativeTarget section */
		F7DA2DAE21CF79F400355699 /* YogaTryout */ = {
			isa = PBXNativeTarget;
			buildConfigurationList = F7DA2DC121CF79F500355699 /* Build configuration list for PBXNativeTarget "YogaTryout" */;
			buildPhases = (
				5C7CF8CE009307B97C08A6AD /* [CP] Check Pods Manifest.lock */,
				F7DA2DAB21CF79F400355699 /* Sources */,
				F7DA2DAC21CF79F400355699 /* Frameworks */,
				F7DA2DAD21CF79F400355699 /* Resources */,
				CD140EC8B8DC1ED9FADCC813 /* [CP] Embed Pods Frameworks */,
			);
			buildRules = (
			);
			dependencies = (
			);
			name = YogaTryout;
			productName = YogaTryout;
			productReference = F7DA2DAF21CF79F400355699 /* YogaTryout.app */;
			productType = "com.apple.product-type.application";
		};
/* End PBXNativeTarget section */

/* Begin PBXProject section */
		F7DA2DA721CF79F400355699 /* Project object */ = {
			isa = PBXProject;
			attributes = {
				LastSwiftUpdateCheck = 1010;
				LastUpgradeCheck = 1010;
				ORGANIZATIONNAME = "Quan Xiaosha";
				TargetAttributes = {
					F7DA2DAE21CF79F400355699 = {
						CreatedOnToolsVersion = 10.1;
					};
				};
			};
			buildConfigurationList = F7DA2DAA21CF79F400355699 /* Build configuration list for PBXProject "YogaTryout" */;
			compatibilityVersion = "Xcode 9.3";
			developmentRegion = en;
			hasScannedForEncodings = 0;
			knownRegions = (
				en,
				Base,
			);
			mainGroup = F7DA2DA621CF79F400355699;
			productRefGroup = F7DA2DB021CF79F400355699 /* Products */;
			projectDirPath = "";
			projectRoot = "";
			targets = (
				F7DA2DAE21CF79F400355699 /* YogaTryout */,
			);
		};
/* End PBXProject section */

/* Begin PBXResourcesBuildPhase section */
		F7DA2DAD21CF79F400355699 /* Resources */ = {
			isa = PBXResourcesBuildPhase;
			buildActionMask = 2147483647;
			files = (
				F7DA2DBD21CF79F500355699 /* LaunchScreen.storyboard in Resources */,
				F7DA2DBA21CF79F500355699 /* Assets.xcassets in Resources */,
				F7DA2DB821CF79F400355699 /* Main.storyboard in Resources */,
			);
			runOnlyForDeploymentPostprocessing = 0;
		};
/* End PBXResourcesBuildPhase section */

/* Begin PBXShellScriptBuildPhase section */
		5C7CF8CE009307B97C08A6AD /* [CP] Check Pods Manifest.lock */ = {
			isa = PBXShellScriptBuildPhase;
			buildActionMask = 2147483647;
			files = (
			);
			inputFileListPaths = (
			);
			inputPaths = (
				"${PODS_PODFILE_DIR_PATH}/Podfile.lock",
				"${PODS_ROOT}/Manifest.lock",
			);
			name = "[CP] Check Pods Manifest.lock";
			outputFileListPaths = (
			);
			outputPaths = (
				"$(DERIVED_FILE_DIR)/Pods-YogaTryout-checkManifestLockResult.txt",
			);
			runOnlyForDeploymentPostprocessing = 0;
			shellPath = /bin/sh;
			shellScript = "diff \"${PODS_PODFILE_DIR_PATH}/Podfile.lock\" \"${PODS_ROOT}/Manifest.lock\" > /dev/null\nif [ $? != 0 ] ; then\n    # print error to STDERR\n    echo \"error: The sandbox is not in sync with the Podfile.lock. Run 'pod install' or update your CocoaPods installation.\" >&2\n    exit 1\nfi\n# This output is used by Xcode 'outputs' to avoid re-running this script phase.\necho \"SUCCESS\" > \"${SCRIPT_OUTPUT_FILE_0}\"\n";
			showEnvVarsInLog = 0;
		};
		CD140EC8B8DC1ED9FADCC813 /* [CP] Embed Pods Frameworks */ = {
			isa = PBXShellScriptBuildPhase;
			buildActionMask = 2147483647;
			files = (
			);
			inputFileListPaths = (
			);
			inputPaths = (
				"${PODS_ROOT}/Target Support Files/Pods-YogaTryout/Pods-YogaTryout-frameworks.sh",
				"${BUILT_PRODUCTS_DIR}/Yoga/yoga.framework",
				"${BUILT_PRODUCTS_DIR}/YogaKit/YogaKit.framework",
			);
			name = "[CP] Embed Pods Frameworks";
			outputFileListPaths = (
			);
			outputPaths = (
				"${TARGET_BUILD_DIR}/${FRAMEWORKS_FOLDER_PATH}/yoga.framework",
				"${TARGET_BUILD_DIR}/${FRAMEWORKS_FOLDER_PATH}/YogaKit.framework",
			);
			runOnlyForDeploymentPostprocessing = 0;
			shellPath = /bin/sh;
			shellScript = "\"${PODS_ROOT}/Target Support Files/Pods-YogaTryout/Pods-YogaTryout-frameworks.sh\"\n";
			showEnvVarsInLog = 0;
		};
/* End PBXShellScriptBuildPhase section */

/* Begin PBXSourcesBuildPhase section */
		F7DA2DAB21CF79F400355699 /* Sources */ = {
			isa = PBXSourcesBuildPhase;
			buildActionMask = 2147483647;
			files = (
				F7DA2DB521CF79F400355699 /* ViewController.swift in Sources */,
				F7DA2DB321CF79F400355699 /* AppDelegate.swift in Sources */,
			);
			runOnlyForDeploymentPostprocessing = 0;
		};
/* End PBXSourcesBuildPhase section */

/* Begin PBXVariantGroup section */
		F7DA2DB621CF79F400355699 /* Main.storyboard */ = {
			isa = PBXVariantGroup;
			children = (
				F7DA2DB721CF79F400355699 /* Base */,
			);
			name = Main.storyboard;
			sourceTree = "<group>";
		};
		F7DA2DBB21CF79F500355699 /* LaunchScreen.storyboard */ = {
			isa = PBXVariantGroup;
			children = (
				F7DA2DBC21CF79F500355699 /* Base */,
			);
			name = LaunchScreen.storyboard;
			sourceTree = "<group>";
		};
/* End PBXVariantGroup section */

/* Begin XCBuildConfiguration section */
		F7DA2DBF21CF79F500355699 /* Debug */ = {
			isa = XCBuildConfiguration;
			buildSettings = {
				ALWAYS_SEARCH_USER_PATHS = NO;
				CLANG_ANALYZER_NONNULL = YES;
				CLANG_ANALYZER_NUMBER_OBJECT_CONVERSION = YES_AGGRESSIVE;
				CLANG_CXX_LANGUAGE_STANDARD = "gnu++14";
				CLANG_CXX_LIBRARY = "libc++";
				CLANG_ENABLE_MODULES = YES;
				CLANG_ENABLE_OBJC_ARC = YES;
				CLANG_ENABLE_OBJC_WEAK = YES;
				CLANG_WARN_BLOCK_CAPTURE_AUTORELEASING = YES;
				CLANG_WARN_BOOL_CONVERSION = YES;
				CLANG_WARN_COMMA = YES;
				CLANG_WARN_CONSTANT_CONVERSION = YES;
				CLANG_WARN_DEPRECATED_OBJC_IMPLEMENTATIONS = YES;
				CLANG_WARN_DIRECT_OBJC_ISA_USAGE = YES_ERROR;
				CLANG_WARN_DOCUMENTATION_COMMENTS = YES;
				CLANG_WARN_EMPTY_BODY = YES;
				CLANG_WARN_ENUM_CONVERSION = YES;
				CLANG_WARN_INFINITE_RECURSION = YES;
				CLANG_WARN_INT_CONVERSION = YES;
				CLANG_WARN_NON_LITERAL_NULL_CONVERSION = YES;
				CLANG_WARN_OBJC_IMPLICIT_RETAIN_SELF = YES;
				CLANG_WARN_OBJC_LITERAL_CONVERSION = YES;
				CLANG_WARN_OBJC_ROOT_CLASS = YES_ERROR;
				CLANG_WARN_RANGE_LOOP_ANALYSIS = YES;
				CLANG_WARN_STRICT_PROTOTYPES = YES;
				CLANG_WARN_SUSPICIOUS_MOVE = YES;
				CLANG_WARN_UNGUARDED_AVAILABILITY = YES_AGGRESSIVE;
				CLANG_WARN_UNREACHABLE_CODE = YES;
				CLANG_WARN__DUPLICATE_METHOD_MATCH = YES;
				CODE_SIGN_IDENTITY = "iPhone Developer";
				COPY_PHASE_STRIP = NO;
				DEBUG_INFORMATION_FORMAT = dwarf;
				ENABLE_STRICT_OBJC_MSGSEND = YES;
				ENABLE_TESTABILITY = YES;
				GCC_C_LANGUAGE_STANDARD = gnu11;
				GCC_DYNAMIC_NO_PIC = NO;
				GCC_NO_COMMON_BLOCKS = YES;
				GCC_OPTIMIZATION_LEVEL = 0;
				GCC_PREPROCESSOR_DEFINITIONS = (
					"DEBUG=1",
					"$(inherited)",
				);
				GCC_WARN_64_TO_32_BIT_CONVERSION = YES;
				GCC_WARN_ABOUT_RETURN_TYPE = YES_ERROR;
				GCC_WARN_UNDECLARED_SELECTOR = YES;
				GCC_WARN_UNINITIALIZED_AUTOS = YES_AGGRESSIVE;
				GCC_WARN_UNUSED_FUNCTION = YES;
				GCC_WARN_UNUSED_VARIABLE = YES;
				IPHONEOS_DEPLOYMENT_TARGET = 12.1;
				MTL_ENABLE_DEBUG_INFO = INCLUDE_SOURCE;
				MTL_FAST_MATH = YES;
				ONLY_ACTIVE_ARCH = YES;
				SDKROOT = iphoneos;
				SWIFT_ACTIVE_COMPILATION_CONDITIONS = DEBUG;
				SWIFT_OPTIMIZATION_LEVEL = "-Onone";
			};
			name = Debug;
		};
		F7DA2DC021CF79F500355699 /* Release */ = {
			isa = XCBuildConfiguration;
			buildSettings = {
				ALWAYS_SEARCH_USER_PATHS = NO;
				CLANG_ANALYZER_NONNULL = YES;
				CLANG_ANALYZER_NUMBER_OBJECT_CONVERSION = YES_AGGRESSIVE;
				CLANG_CXX_LANGUAGE_STANDARD = "gnu++14";
				CLANG_CXX_LIBRARY = "libc++";
				CLANG_ENABLE_MODULES = YES;
				CLANG_ENABLE_OBJC_ARC = YES;
				CLANG_ENABLE_OBJC_WEAK = YES;
				CLANG_WARN_BLOCK_CAPTURE_AUTORELEASING = YES;
				CLANG_WARN_BOOL_CONVERSION = YES;
				CLANG_WARN_COMMA = YES;
				CLANG_WARN_CONSTANT_CONVERSION = YES;
				CLANG_WARN_DEPRECATED_OBJC_IMPLEMENTATIONS = YES;
				CLANG_WARN_DIRECT_OBJC_ISA_USAGE = YES_ERROR;
				CLANG_WARN_DOCUMENTATION_COMMENTS = YES;
				CLANG_WARN_EMPTY_BODY = YES;
				CLANG_WARN_ENUM_CONVERSION = YES;
				CLANG_WARN_INFINITE_RECURSION = YES;
				CLANG_WARN_INT_CONVERSION = YES;
				CLANG_WARN_NON_LITERAL_NULL_CONVERSION = YES;
				CLANG_WARN_OBJC_IMPLICIT_RETAIN_SELF = YES;
				CLANG_WARN_OBJC_LITERAL_CONVERSION = YES;
				CLANG_WARN_OBJC_ROOT_CLASS = YES_ERROR;
				CLANG_WARN_RANGE_LOOP_ANALYSIS = YES;
				CLANG_WARN_STRICT_PROTOTYPES = YES;
				CLANG_WARN_SUSPICIOUS_MOVE = YES;
				CLANG_WARN_UNGUARDED_AVAILABILITY = YES_AGGRESSIVE;
				CLANG_WARN_UNREACHABLE_CODE = YES;
				CLANG_WARN__DUPLICATE_METHOD_MATCH = YES;
				CODE_SIGN_IDENTITY = "iPhone Developer";
				COPY_PHASE_STRIP = NO;
				DEBUG_INFORMATION_FORMAT = "dwarf-with-dsym";
				ENABLE_NS_ASSERTIONS = NO;
				ENABLE_STRICT_OBJC_MSGSEND = YES;
				GCC_C_LANGUAGE_STANDARD = gnu11;
				GCC_NO_COMMON_BLOCKS = YES;
				GCC_WARN_64_TO_32_BIT_CONVERSION = YES;
				GCC_WARN_ABOUT_RETURN_TYPE = YES_ERROR;
				GCC_WARN_UNDECLARED_SELECTOR = YES;
				GCC_WARN_UNINITIALIZED_AUTOS = YES_AGGRESSIVE;
				GCC_WARN_UNUSED_FUNCTION = YES;
				GCC_WARN_UNUSED_VARIABLE = YES;
				IPHONEOS_DEPLOYMENT_TARGET = 12.1;
				MTL_ENABLE_DEBUG_INFO = NO;
				MTL_FAST_MATH = YES;
				SDKROOT = iphoneos;
				SWIFT_COMPILATION_MODE = wholemodule;
				SWIFT_OPTIMIZATION_LEVEL = "-O";
				VALIDATE_PRODUCT = YES;
			};
			name = Release;
		};
		F7DA2DC221CF79F500355699 /* Debug */ = {
			isa = XCBuildConfiguration;
			baseConfigurationReference = 8766DA6A428F66B30EE55535 /* Pods-YogaTryout.debug.xcconfig */;
			buildSettings = {
				ASSETCATALOG_COMPILER_APPICON_NAME = AppIcon;
				CODE_SIGN_STYLE = Automatic;
				DEVELOPMENT_TEAM = NCMMSP3936;
				INFOPLIST_FILE = YogaTryout/Info.plist;
				IPHONEOS_DEPLOYMENT_TARGET = 11.0;
				LD_RUNPATH_SEARCH_PATHS = (
					"$(inherited)",
					"@executable_path/Frameworks",
				);
				PRODUCT_BUNDLE_IDENTIFIER = com.quanxiaosha.YogaTryout;
				PRODUCT_NAME = "$(TARGET_NAME)";
				SWIFT_VERSION = 4.2;
				TARGETED_DEVICE_FAMILY = "1,2";
			};
			name = Debug;
		};
		F7DA2DC321CF79F500355699 /* Release */ = {
			isa = XCBuildConfiguration;
			baseConfigurationReference = C3386E30FCBD9D7F426E3DBB /* Pods-YogaTryout.release.xcconfig */;
			buildSettings = {
				ASSETCATALOG_COMPILER_APPICON_NAME = AppIcon;
				CODE_SIGN_STYLE = Automatic;
				DEVELOPMENT_TEAM = NCMMSP3936;
				INFOPLIST_FILE = YogaTryout/Info.plist;
				IPHONEOS_DEPLOYMENT_TARGET = 11.0;
				LD_RUNPATH_SEARCH_PATHS = (
					"$(inherited)",
					"@executable_path/Frameworks",
				);
				PRODUCT_BUNDLE_IDENTIFIER = com.quanxiaosha.YogaTryout;
				PRODUCT_NAME = "$(TARGET_NAME)";
				SWIFT_VERSION = 4.2;
				TARGETED_DEVICE_FAMILY = "1,2";
			};
			name = Release;
		};
/* End XCBuildConfiguration section */

/* Begin XCConfigurationList section */
		F7DA2DAA21CF79F400355699 /* Build configuration list for PBXProject "YogaTryout" */ = {
			isa = XCConfigurationList;
			buildConfigurations = (
				F7DA2DBF21CF79F500355699 /* Debug */,
				F7DA2DC021CF79F500355699 /* Release */,
			);
			defaultConfigurationIsVisible = 0;
			defaultConfigurationName = Release;
		};
		F7DA2DC121CF79F500355699 /* Build configuration list for PBXNativeTarget "YogaTryout" */ = {
			isa = XCConfigurationList;
			buildConfigurations = (
				F7DA2DC221CF79F500355699 /* Debug */,
				F7DA2DC321CF79F500355699 /* Release */,
			);
			defaultConfigurationIsVisible = 0;
			defaultConfigurationName = Release;
		};
/* End XCConfigurationList section */
	};
	rootObject = F7DA2DA721CF79F400355699 /* Project object */;
}
